
Microsoft Visual Studio Solution File, Format Version 12.00
# Visual Studio Version 17
VisualStudioVersion = 17.0.31903.59
MinimumVisualStudioVersion = 10.0.40219.1
Project("{2150E333-8FDC-42A3-9474-1A3956D46DE8}") = "src", "src", "{827E0CD3-B72D-47B6-A68D-7590B98EB39B}"
EndProject
Project("{FAE04EC0-301F-11D3-BF4B-00C04F79EFBC}") = "HushKeyApi", "src\HushKeyApi\HushKeyApi.csproj", "{9A1E6B05-1A77-4349-AC41-90922CF5F65D}"
EndProject
Project("{FAE04EC0-301F-11D3-BF4B-00C04F79EFBC}") = "HushKeyService", "src\HushKeyService\HushKeyService.csproj", "{A55D2B18-C38E-4DFE-BFF3-1FE498821518}"
EndProject
Project("{FAE04EC0-301F-11D3-BF4B-00C04F79EFBC}") = "HushKeyCore", "src\HushKeyCore\HushKeyCore.csproj", "{FFD29D47-1270-4E46-B9F9-61AE7E6C7213}"
EndProject
Global
	GlobalSection(SolutionConfigurationPlatforms) = preSolution
		Debug|Any CPU = Debug|Any CPU
		Debug|x64 = Debug|x64
		Debug|x86 = Debug|x86
		Release|Any CPU = Release|Any CPU
		Release|x64 = Release|x64
		Release|x86 = Release|x86
	EndGlobalSection
	GlobalSection(ProjectConfigurationPlatforms) = postSolution
		{9A1E6B05-1A77-4349-AC41-90922CF5F65D}.Debug|Any CPU.ActiveCfg = Debug|Any CPU
		{9A1E6B05-1A77-4349-AC41-90922CF5F65D}.Debug|Any CPU.Build.0 = Debug|Any CPU
		{9A1E6B05-1A77-4349-AC41-90922CF5F65D}.Debug|x64.ActiveCfg = Debug|Any CPU
		{9A1E6B05-1A77-4349-AC41-90922CF5F65D}.Debug|x64.Build.0 = Debug|Any CPU
		{9A1E6B05-1A77-4349-AC41-90922CF5F65D}.Debug|x86.ActiveCfg = Debug|Any CPU
		{9A1E6B05-1A77-4349-AC41-90922CF5F65D}.Debug|x86.Build.0 = Debug|Any CPU
		{9A1E6B05-1A77-4349-AC41-90922CF5F65D}.Release|Any CPU.ActiveCfg = Release|Any CPU
		{9A1E6B05-1A77-4349-AC41-90922CF5F65D}.Release|Any CPU.Build.0 = Release|Any CPU
		{9A1E6B05-1A77-4349-AC41-90922CF5F65D}.Release|x64.ActiveCfg = Release|Any CPU
		{9A1E6B05-1A77-4349-AC41-90922CF5F65D}.Release|x64.Build.0 = Release|Any CPU
		{9A1E6B05-1A77-4349-AC41-90922CF5F65D}.Release|x86.ActiveCfg = Release|Any CPU
		{9A1E6B05-1A77-4349-AC41-90922CF5F65D}.Release|x86.Build.0 = Release|Any CPU
		{A55D2B18-C38E-4DFE-BFF3-1FE498821518}.Debug|Any CPU.ActiveCfg = Debug|Any CPU
		{A55D2B18-C38E-4DFE-BFF3-1FE498821518}.Debug|Any CPU.Build.0 = Debug|Any CPU
		{A55D2B18-C38E-4DFE-BFF3-1FE498821518}.Debug|x64.ActiveCfg = Debug|Any CPU
		{A55D2B18-C38E-4DFE-BFF3-1FE498821518}.Debug|x64.Build.0 = Debug|Any CPU
		{A55D2B18-C38E-4DFE-BFF3-1FE498821518}.Debug|x86.ActiveCfg = Debug|Any CPU
		{A55D2B18-C38E-4DFE-BFF3-1FE498821518}.Debug|x86.Build.0 = Debug|Any CPU
		{A55D2B18-C38E-4DFE-BFF3-1FE498821518}.Release|Any CPU.ActiveCfg = Release|Any CPU
		{A55D2B18-C38E-4DFE-BFF3-1FE498821518}.Release|Any CPU.Build.0 = Release|Any CPU
		{A55D2B18-C38E-4DFE-BFF3-1FE498821518}.Release|x64.ActiveCfg = Release|Any CPU
		{A55D2B18-C38E-4DFE-BFF3-1FE498821518}.Release|x64.Build.0 = Release|Any CPU
		{A55D2B18-C38E-4DFE-BFF3-1FE498821518}.Release|x86.ActiveCfg = Release|Any CPU
		{A55D2B18-C38E-4DFE-BFF3-1FE498821518}.Release|x86.Build.0 = Release|Any CPU
		{FFD29D47-1270-4E46-B9F9-61AE7E6C7213}.Debug|Any CPU.ActiveCfg = Debug|Any CPU
		{FFD29D47-1270-4E46-B9F9-61AE7E6C7213}.Debug|Any CPU.Build.0 = Debug|Any CPU
		{FFD29D47-1270-4E46-B9F9-61AE7E6C7213}.Debug|x64.ActiveCfg = Debug|Any CPU
		{FFD29D47-1270-4E46-B9F9-61AE7E6C7213}.Debug|x64.Build.0 = Debug|Any CPU
		{FFD29D47-1270-4E46-B9F9-61AE7E6C7213}.Debug|x86.ActiveCfg = Debug|Any CPU
		{FFD29D47-1270-4E46-B9F9-61AE7E6C7213}.Debug|x86.Build.0 = Debug|Any CPU
		{FFD29D47-1270-4E46-B9F9-61AE7E6C7213}.Release|Any CPU.ActiveCfg = Release|Any CPU
		{FFD29D47-1270-4E46-B9F9-61AE7E6C7213}.Release|Any CPU.Build.0 = Release|Any CPU
		{FFD29D47-1270-4E46-B9F9-61AE7E6C7213}.Release|x64.ActiveCfg = Release|Any CPU
		{FFD29D47-1270-4E46-B9F9-61AE7E6C7213}.Release|x64.Build.0 = Release|Any CPU
		{FFD29D47-1270-4E46-B9F9-61AE7E6C7213}.Release|x86.ActiveCfg = Release|Any CPU
		{FFD29D47-1270-4E46-B9F9-61AE7E6C7213}.Release|x86.Build.0 = Release|Any CPU
	EndGlobalSection
	GlobalSection(SolutionProperties) = preSolution
		HideSolutionNode = FALSE
	EndGlobalSection
	GlobalSection(NestedProjects) = preSolution
		{9A1E6B05-1A77-4349-AC41-90922CF5F65D} = {827E0CD3-B72D-47B6-A68D-7590B98EB39B}
		{A55D2B18-C38E-4DFE-BFF3-1FE498821518} = {827E0CD3-B72D-47B6-A68D-7590B98EB39B}
		{FFD29D47-1270-4E46-B9F9-61AE7E6C7213} = {827E0CD3-B72D-47B6-A68D-7590B98EB39B}
	EndGlobalSection
	GlobalSection(ExtensibilityGlobals) = postSolution
		SolutionGuid = {A3CE73A9-5B5C-44B6-8C7A-9932EA4B331F}
	EndGlobalSection
EndGlobal
